<?xml version="1.0" encoding="utf-8"?>
<Project ToolsVersion="4.0" xmlns="http://schemas.microsoft.com/developer/msbuild/2003">
  <ItemGroup>
    <Filter Include="Source Files">
      <UniqueIdentifier>{4FC737F1-C7A5-4376-A066-2A32D752A2FF}</UniqueIdentifier>
      <Extensions>cpp;c;cc;cxx;def;odl;idl;hpj;bat;asm;asmx</Extensions>
    </Filter>
    <Filter Include="Header Files">
      <UniqueIdentifier>{93995380-89BD-4b04-88EB-625FBE52EBFB}</UniqueIdentifier>
      <Extensions>h;hh;hpp;hxx;hm;inl;inc;xsd</Extensions>
    </Filter>
    <Filter Include="Resource Files">
      <UniqueIdentifier>{67DA6AB6-F800-4c08-8B7A-83BB121AAD01}</UniqueIdentifier>
      <Extensions>rc;ico;cur;bmp;dlg;rc2;rct;bin;rgs;gif;jpg;jpeg;jpe;resx;tiff;tif;png;wav;mfcribbon-ms</Extensions>
    </Filter>
    <Filter Include="Header Files\GameEntities">
      <UniqueIdentifier>{63daaf97-1ee0-4b67-b580-c4a89812bd16}</UniqueIdentifier>
    </Filter>
    <Filter Include="Source Files\GameEntities">
      <UniqueIdentifier>{ba1c5f71-c9b8-47d3-8f96-922f3844ef59}</UniqueIdentifier>
    </Filter>
    <Filter Include="Source Files\RoomEntities">
      <UniqueIdentifier>{4cd33039-ad7d-4498-82e7-14d1f1165778}</UniqueIdentifier>
    </Filter>
    <Filter Include="Header Files\RoomEntities">
      <UniqueIdentifier>{e883c338-782d-40e4-a6cb-a15d6435ff24}</UniqueIdentifier>
    </Filter>
    <Filter Include="Header Files\GameEntities\Players">
      <UniqueIdentifier>{ab936a9c-1fc1-48fd-a1e6-b221b5258b6d}</UniqueIdentifier>
    </Filter>
    <Filter Include="Source Files\GameEntities\Players">
      <UniqueIdentifier>{52d776c6-2c91-4380-95ca-3d7aaac3e54f}</UniqueIdentifier>
    </Filter>
    <Filter Include="JSON Assets">
      <UniqueIdentifier>{1cd2bc0c-5cf0-451b-925c-e37697e6f5bc}</UniqueIdentifier>
    </Filter>
  </ItemGroup>
  <ItemGroup>
    <ClInclude Include="..\..\source\GhostedApp.h">
      <Filter>Header Files</Filter>
    </ClInclude>
    <ClInclude Include="..\..\source\CollisionController.h">
      <Filter>Header Files</Filter>
    </ClInclude>
    <ClInclude Include="..\..\source\GameEntity.h">
      <Filter>Header Files</Filter>
    </ClInclude>
    <ClInclude Include="..\..\source\GameMap.h">
      <Filter>Header Files</Filter>
    </ClInclude>
    <ClInclude Include="..\..\source\GameRoom.h">
      <Filter>Header Files</Filter>
    </ClInclude>
    <ClInclude Include="..\..\source\GameScene.h">
      <Filter>Header Files</Filter>
    </ClInclude>
    <ClInclude Include="..\..\source\InputController.h">
      <Filter>Header Files</Filter>
    </ClInclude>
    <ClInclude Include="resource.h">
      <Filter>Resource Files</Filter>
    </ClInclude>
    <ClInclude Include="..\..\source\LoadingScene.h">
      <Filter>Header Files</Filter>
    </ClInclude>
    <ClInclude Include="..\..\source\RoomEntities\BatterySlot.h">
      <Filter>Header Files\RoomEntities</Filter>
    </ClInclude>
    <ClInclude Include="..\..\source\RoomEntities\Obstacle.h">
      <Filter>Header Files\RoomEntities</Filter>
    </ClInclude>
    <ClInclude Include="..\..\source\RoomEntity.h">
      <Filter>Header Files</Filter>
    </ClInclude>
    <ClInclude Include="..\..\source\NetworkController.h">
      <Filter>Header Files</Filter>
    </ClInclude>
    <ClInclude Include="..\..\source\GameEntities\BatteryCollectible.h">
      <Filter>Header Files\GameEntities</Filter>
    </ClInclude>
    <ClInclude Include="..\..\source\NetworkData.h">
      <Filter>Header Files</Filter>
    </ClInclude>
    <ClInclude Include="..\..\source\RoomEntities\Trap.h">
      <Filter>Header Files\RoomEntities</Filter>
    </ClInclude>
    <ClInclude Include="..\..\source\GameEntities\Player.h">
      <Filter>Header Files\GameEntities</Filter>
    </ClInclude>
    <ClInclude Include="..\..\source\GameEntities\Players\PlayerPal.h">
      <Filter>Header Files\GameEntities\Players</Filter>
    </ClInclude>
    <ClInclude Include="..\..\source\GameEntities\Players\PlayerGhost.h">
      <Filter>Header Files\GameEntities\Players</Filter>
    </ClInclude>
    <ClInclude Include="..\..\source\StartScene.h">
      <Filter>Header Files</Filter>
    </ClInclude>
    <ClInclude Include="..\..\source\RoomParser.h">
      <Filter>Header Files</Filter>
    </ClInclude>
    <ClInclude Include="..\..\source\Constants.h">
      <Filter>Header Files</Filter>
    </ClInclude>
    <ClInclude Include="..\..\source\CreateGameScene.h">
      <Filter>Header Files</Filter>
    </ClInclude>
    <ClInclude Include="..\..\source\JoinGameScene.h">
      <Filter>Header Files</Filter>
    </ClInclude>
    <ClInclude Include="..\..\source\GameMode.h">
      <Filter>Header Files</Filter>
    </ClInclude>
    <ClInclude Include="..\..\source\LobbyScene.h">
      <Filter>Header Files</Filter>
    </ClInclude>
    <ClInclude Include="..\..\source\Utils.h">
      <Filter>Header Files</Filter>
    </ClInclude>
  </ItemGroup>
  <ItemGroup>
    <ClCompile Include="..\..\source\main.cpp">
      <Filter>Source Files</Filter>
    </ClCompile>
    <ClCompile Include="..\..\source\GhostedApp.cpp">
      <Filter>Source Files</Filter>
    </ClCompile>
    <ClCompile Include="..\..\source\CollisionController.cpp">
      <Filter>Source Files</Filter>
    </ClCompile>
    <ClCompile Include="..\..\source\GameEntity.cpp">
      <Filter>Source Files</Filter>
    </ClCompile>
    <ClCompile Include="..\..\source\GameMap.cpp">
      <Filter>Source Files</Filter>
    </ClCompile>
    <ClCompile Include="..\..\source\GameRoom.cpp">
      <Filter>Source Files</Filter>
    </ClCompile>
    <ClCompile Include="..\..\source\InputController.cpp">
      <Filter>Source Files</Filter>
    </ClCompile>
    <ClCompile Include="..\..\source\StartScene.cpp">
      <Filter>Source Files</Filter>
    </ClCompile>
    <ClCompile Include="..\..\source\LoadingScene.cpp">
      <Filter>Source Files</Filter>
    </ClCompile>
    <ClCompile Include="..\..\source\RoomEntities\BatterySlot.cpp">
      <Filter>Source Files\RoomEntities</Filter>
    </ClCompile>
    <ClCompile Include="..\..\source\RoomEntities\Obstacle.cpp">
      <Filter>Source Files\RoomEntities</Filter>
    </ClCompile>
    <ClCompile Include="..\..\source\RoomEntity.cpp">
      <Filter>Source Files</Filter>
    </ClCompile>
    <ClCompile Include="..\..\source\NetworkController.cpp">
      <Filter>Source Files</Filter>
    </ClCompile>
    <ClCompile Include="..\..\source\GameEntities\BatteryCollectible.cpp">
      <Filter>Source Files\GameEntities</Filter>
    </ClCompile>
    <ClCompile Include="..\..\source\NetworkData.cpp">
      <Filter>Source Files</Filter>
    </ClCompile>
    <ClCompile Include="..\..\source\RoomEntities\Trap.cpp">
      <Filter>Source Files\RoomEntities</Filter>
    </ClCompile>
    <ClCompile Include="..\..\source\GameEntities\Player.cpp">
      <Filter>Source Files\GameEntities</Filter>
    </ClCompile>
    <ClCompile Include="..\..\source\GameEntities\Players\PlayerPal.cpp">
      <Filter>Source Files\GameEntities\Players</Filter>
    </ClCompile>
    <ClCompile Include="..\..\source\GameEntities\Players\PlayerGhost.cpp">
      <Filter>Source Files\GameEntities\Players</Filter>
    </ClCompile>
    <ClCompile Include="..\..\source\GameScene.cpp">
      <Filter>Source Files</Filter>
    </ClCompile>
    <ClCompile Include="..\..\source\CreateGameScene.cpp">
      <Filter>Source Files</Filter>
    </ClCompile>
    <ClCompile Include="..\..\source\JoinGameScene.cpp">
      <Filter>Source Files</Filter>
    </ClCompile>
    <ClCompile Include="..\..\source\GameMode.cpp">
      <Filter>Source Files</Filter>
    </ClCompile>
    <ClCompile Include="RoomParser.cpp">
      <Filter>Source Files</Filter>
    </ClCompile>
    <ClCompile Include="..\..\source\LobbyScene.cpp">
      <Filter>Source Files</Filter>
    </ClCompile>
  </ItemGroup>
  <ItemGroup>
    <Image Include="icon1.ico">
      <Filter>Resource Files</Filter>
    </Image>
  </ItemGroup>
  <ItemGroup>
    <ResourceCompile Include="Ghosted.rc">
      <Filter>Resource Files</Filter>
    </ResourceCompile>
  </ItemGroup>
  <ItemGroup>
    <None Include="..\..\assets\json\assets.json">
      <Filter>JSON Assets</Filter>
    </None>
    <None Include="..\..\assets\json\game.json">
      <Filter>JSON Assets</Filter>
    </None>
    <None Include="..\..\assets\json\start.json">
      <Filter>JSON Assets</Filter>
    </None>
    <None Include="..\..\assets\json\loading.json">
      <Filter>JSON Assets</Filter>
    </None>
    <None Include="..\..\assets\json\join.json">
      <Filter>JSON Assets</Filter>
    </None>
    <None Include="..\..\assets\json\lobby.json">
      <Filter>JSON Assets</Filter>
    </None>
  </ItemGroup>
</Project>